
Microsoft Visual Studio Solution File, Format Version 12.00
# Visual Studio Version 17
VisualStudioVersion = 17.11.35222.181
MinimumVisualStudioVersion = 10.0.40219.1
Project("{9A19103F-16F7-4668-BE54-9A1E7A4F7556}") = "Test3-Ülesanne", "Test3-Ülesanne\Test3-Ülesanne.csproj", "{E42A9FDA-383E-48AC-BE0F-88F36A79E3E4}"
EndProject
Project("{9A19103F-16F7-4668-BE54-9A1E7A4F7556}") = "Test3-ÜlesanneSwitch", "Test3-ÜlesanneSwitch\Test3-ÜlesanneSwitch.csproj", "{52A5D1BA-1796-43A3-A8B0-362EA5F33020}"
EndProject
Global
	GlobalSection(SolutionConfigurationPlatforms) = preSolution
		Debug|Any CPU = Debug|Any CPU
		Release|Any CPU = Release|Any CPU
	EndGlobalSection
	GlobalSection(ProjectConfigurationPlatforms) = postSolution
		{E42A9FDA-383E-48AC-BE0F-88F36A79E3E4}.Debug|Any CPU.ActiveCfg = Debug|Any CPU
		{E42A9FDA-383E-48AC-BE0F-88F36A79E3E4}.Debug|Any CPU.Build.0 = Debug|Any CPU
		{E42A9FDA-383E-48AC-BE0F-88F36A79E3E4}.Release|Any CPU.ActiveCfg = Release|Any CPU
		{E42A9FDA-383E-48AC-BE0F-88F36A79E3E4}.Release|Any CPU.Build.0 = Release|Any CPU
		{52A5D1BA-1796-43A3-A8B0-362EA5F33020}.Debug|Any CPU.ActiveCfg = Debug|Any CPU
		{52A5D1BA-1796-43A3-A8B0-362EA5F33020}.Debug|Any CPU.Build.0 = Debug|Any CPU
		{52A5D1BA-1796-43A3-A8B0-362EA5F33020}.Release|Any CPU.ActiveCfg = Release|Any CPU
		{52A5D1BA-1796-43A3-A8B0-362EA5F33020}.Release|Any CPU.Build.0 = Release|Any CPU
	EndGlobalSection
	GlobalSection(SolutionProperties) = preSolution
		HideSolutionNode = FALSE
	EndGlobalSection
	GlobalSection(ExtensibilityGlobals) = postSolution
		SolutionGuid = {A82D7D9B-4897-49AE-908D-32CF196F6C7D}
	EndGlobalSection
EndGlobal
